// !$*UTF8*$!
{
	archiveVersion = 1;
	classes = {
	};
	objectVersion = 51;
	objects = {

/* Begin PBXBuildFile section */
		278DA802D2EC01B878079D8B /* Pods_iOS_Study.framework in Frameworks */ = {isa = PBXBuildFile; fileRef = 17A8AA75E273A35728C66193 /* Pods_iOS_Study.framework */; };
		2B9420693290715AF76FDDF5 /* Pods_iOS_Study_iOS_StudyUITests.framework in Frameworks */ = {isa = PBXBuildFile; fileRef = E9AFA0207E1148D9D9563108 /* Pods_iOS_Study_iOS_StudyUITests.framework */; };
		436846BC263AE01D00967143 /* AppDelegate.swift in Sources */ = {isa = PBXBuildFile; fileRef = 436846BB263AE01D00967143 /* AppDelegate.swift */; };
		436846BE263AE01D00967143 /* SceneDelegate.swift in Sources */ = {isa = PBXBuildFile; fileRef = 436846BD263AE01D00967143 /* SceneDelegate.swift */; };
		436846C0263AE01D00967143 /* ViewController.swift in Sources */ = {isa = PBXBuildFile; fileRef = 436846BF263AE01D00967143 /* ViewController.swift */; };
		436846C3263AE01D00967143 /* Main.storyboard in Resources */ = {isa = PBXBuildFile; fileRef = 436846C1263AE01D00967143 /* Main.storyboard */; };
		436846C6263AE01D00967143 /* iOS_Study.xcdatamodeld in Sources */ = {isa = PBXBuildFile; fileRef = 436846C4263AE01D00967143 /* iOS_Study.xcdatamodeld */; };
		436846C8263AE02100967143 /* Assets.xcassets in Resources */ = {isa = PBXBuildFile; fileRef = 436846C7263AE02100967143 /* Assets.xcassets */; };
		436846CB263AE02100967143 /* LaunchScreen.storyboard in Resources */ = {isa = PBXBuildFile; fileRef = 436846C9263AE02100967143 /* LaunchScreen.storyboard */; };
		436846D6263AE02100967143 /* iOS_StudyTests.swift in Sources */ = {isa = PBXBuildFile; fileRef = 436846D5263AE02100967143 /* iOS_StudyTests.swift */; };
		436846E1263AE02100967143 /* iOS_StudyUITests.swift in Sources */ = {isa = PBXBuildFile; fileRef = 436846E0263AE02100967143 /* iOS_StudyUITests.swift */; };
		43684705263AE27600967143 /* ViewLayoutTestViewController.swift in Sources */ = {isa = PBXBuildFile; fileRef = 43684704263AE27600967143 /* ViewLayoutTestViewController.swift */; };
		43A0BAC82697FE5D00E4A8A4 /* CollectionViewController.swift in Sources */ = {isa = PBXBuildFile; fileRef = 43A0BAC62697FE5D00E4A8A4 /* CollectionViewController.swift */; };
		43A0BAC92697FE5D00E4A8A4 /* CollectionViewController.xib in Resources */ = {isa = PBXBuildFile; fileRef = 43A0BAC72697FE5D00E4A8A4 /* CollectionViewController.xib */; };
		9D045CE3A8840968F4F74F6C /* Pods_iOS_StudyTests.framework in Frameworks */ = {isa = PBXBuildFile; fileRef = D78F7FE5992AF0085F91D64D /* Pods_iOS_StudyTests.framework */; };
		B24B93912671F7450037D750 /* CustomLogger.swift in Sources */ = {isa = PBXBuildFile; fileRef = B24B93902671F7450037D750 /* CustomLogger.swift */; };
		B2A5D80C2689AE5600462F70 /* CustomView.swift in Sources */ = {isa = PBXBuildFile; fileRef = B2A5D80B2689AE5600462F70 /* CustomView.swift */; };
		B2A5D8142689AE8A00462F70 /* CustomView.xib in Resources */ = {isa = PBXBuildFile; fileRef = B2A5D8132689AE8A00462F70 /* CustomView.xib */; };
		B2AFA79926D61BA400D5ED18 /* lottie-3.json in Resources */ = {isa = PBXBuildFile; fileRef = B2AFA79626D61BA400D5ED18 /* lottie-3.json */; };
		B2AFA79A26D61BA400D5ED18 /* lottie-1.json in Resources */ = {isa = PBXBuildFile; fileRef = B2AFA79726D61BA400D5ED18 /* lottie-1.json */; };
		B2AFA79B26D61BA400D5ED18 /* lottie-2.json in Resources */ = {isa = PBXBuildFile; fileRef = B2AFA79826D61BA400D5ED18 /* lottie-2.json */; };
		B2AFA7B026D7296F00D5ED18 /* TopTabBarItem.swift in Sources */ = {isa = PBXBuildFile; fileRef = B2AFA7AF26D7296F00D5ED18 /* TopTabBarItem.swift */; };
		B2AFA7C126D753DB00D5ED18 /* TabBar.storyboard in Resources */ = {isa = PBXBuildFile; fileRef = B2AFA7C026D753DB00D5ED18 /* TabBar.storyboard */; };
		B2AFA7CC26D759E400D5ED18 /* AssetInnerViewController.swift in Sources */ = {isa = PBXBuildFile; fileRef = B2AFA7CB26D759E400D5ED18 /* AssetInnerViewController.swift */; };
		B2AFA7D126D75C1200D5ED18 /* TopTabNavigationMenu.swift in Sources */ = {isa = PBXBuildFile; fileRef = B2AFA7D026D75C1200D5ED18 /* TopTabNavigationMenu.swift */; };
		B2B8327526A552D2009006F1 /* RxStudyViewController.swift in Sources */ = {isa = PBXBuildFile; fileRef = B2B8327326A552D2009006F1 /* RxStudyViewController.swift */; };
		B2B8327626A552D2009006F1 /* RxStudyViewController.xib in Resources */ = {isa = PBXBuildFile; fileRef = B2B8327426A552D2009006F1 /* RxStudyViewController.xib */; };
		B2EBA24D26CDE37E00A40782 /* SwinjectSampleViewController.swift in Sources */ = {isa = PBXBuildFile; fileRef = B2EBA24B26CDE37E00A40782 /* SwinjectSampleViewController.swift */; };
		B2EBA24E26CDE37E00A40782 /* SwinjectSampleViewController.xib in Resources */ = {isa = PBXBuildFile; fileRef = B2EBA24C26CDE37E00A40782 /* SwinjectSampleViewController.xib */; };
		B2EBA2A126D4911400A40782 /* BottomTabBarItem.swift in Sources */ = {isa = PBXBuildFile; fileRef = B2EBA2A026D4911400A40782 /* BottomTabBarItem.swift */; };
		B2EBA2AF26D4ACDC00A40782 /* BankingTabViewController.swift in Sources */ = {isa = PBXBuildFile; fileRef = B2EBA2AD26D4ACDC00A40782 /* BankingTabViewController.swift */; };
		B2EBA2B026D4ACDC00A40782 /* BankingTabViewController.xib in Resources */ = {isa = PBXBuildFile; fileRef = B2EBA2AE26D4ACDC00A40782 /* BankingTabViewController.xib */; };
		B2EBA2B626D4ACED00A40782 /* AssetTabViewController.swift in Sources */ = {isa = PBXBuildFile; fileRef = B2EBA2B426D4ACED00A40782 /* AssetTabViewController.swift */; };
		B2EBA2B726D4ACED00A40782 /* AssetTabViewController.xib in Resources */ = {isa = PBXBuildFile; fileRef = B2EBA2B526D4ACED00A40782 /* AssetTabViewController.xib */; };
		B2EBA2BD26D4ACFE00A40782 /* BenefitTabViewController.swift in Sources */ = {isa = PBXBuildFile; fileRef = B2EBA2BB26D4ACFE00A40782 /* BenefitTabViewController.swift */; };
		B2EBA2BE26D4ACFE00A40782 /* BenefitTabViewController.xib in Resources */ = {isa = PBXBuildFile; fileRef = B2EBA2BC26D4ACFE00A40782 /* BenefitTabViewController.xib */; };
		B2EBA2C626D4AE7500A40782 /* BaseTabBarViewController.swift in Sources */ = {isa = PBXBuildFile; fileRef = B2EBA2C526D4AE7500A40782 /* BaseTabBarViewController.swift */; };
		B2EBA2CE26D4B06200A40782 /* BottomTabNavigationMenu.swift in Sources */ = {isa = PBXBuildFile; fileRef = B2EBA2CD26D4B06200A40782 /* BottomTabNavigationMenu.swift */; };
		B2EBA2D726D5DBB800A40782 /* FloatingButton.swift in Sources */ = {isa = PBXBuildFile; fileRef = B2EBA2D626D5DBB800A40782 /* FloatingButton.swift */; };
		B2EBA2DF26D5DD8700A40782 /* FloatingButton.xib in Resources */ = {isa = PBXBuildFile; fileRef = B2EBA2DE26D5DD8700A40782 /* FloatingButton.xib */; };
/* End PBXBuildFile section */

/* Begin PBXContainerItemProxy section */
		436846D2263AE02100967143 /* PBXContainerItemProxy */ = {
			isa = PBXContainerItemProxy;
			containerPortal = 436846B0263AE01D00967143 /* Project object */;
			proxyType = 1;
			remoteGlobalIDString = 436846B7263AE01D00967143;
			remoteInfo = iOS_Study;
		};
		436846DD263AE02100967143 /* PBXContainerItemProxy */ = {
			isa = PBXContainerItemProxy;
			containerPortal = 436846B0263AE01D00967143 /* Project object */;
			proxyType = 1;
			remoteGlobalIDString = 436846B7263AE01D00967143;
			remoteInfo = iOS_Study;
		};
/* End PBXContainerItemProxy section */

/* Begin PBXFileReference section */
		0430646F550F7E1A6F29A44D /* Pods-iOS_StudyTests.debug.xcconfig */ = {isa = PBXFileReference; includeInIndex = 1; lastKnownFileType = text.xcconfig; name = "Pods-iOS_StudyTests.debug.xcconfig"; path = "Target Support Files/Pods-iOS_StudyTests/Pods-iOS_StudyTests.debug.xcconfig"; sourceTree = "<group>"; };
		0816B7B2EC34CC32D6E5BAA6 /* Pods-iOS_StudyTests.release.xcconfig */ = {isa = PBXFileReference; includeInIndex = 1; lastKnownFileType = text.xcconfig; name = "Pods-iOS_StudyTests.release.xcconfig"; path = "Target Support Files/Pods-iOS_StudyTests/Pods-iOS_StudyTests.release.xcconfig"; sourceTree = "<group>"; };
		17A8AA75E273A35728C66193 /* Pods_iOS_Study.framework */ = {isa = PBXFileReference; explicitFileType = wrapper.framework; includeInIndex = 0; path = Pods_iOS_Study.framework; sourceTree = BUILT_PRODUCTS_DIR; };
		23624CD9B422C01ABDCBC230 /* Pods-iOS_Study.release.xcconfig */ = {isa = PBXFileReference; includeInIndex = 1; lastKnownFileType = text.xcconfig; name = "Pods-iOS_Study.release.xcconfig"; path = "Target Support Files/Pods-iOS_Study/Pods-iOS_Study.release.xcconfig"; sourceTree = "<group>"; };
		436846B8263AE01D00967143 /* iOS_Study.app */ = {isa = PBXFileReference; explicitFileType = wrapper.application; includeInIndex = 0; path = iOS_Study.app; sourceTree = BUILT_PRODUCTS_DIR; };
		436846BB263AE01D00967143 /* AppDelegate.swift */ = {isa = PBXFileReference; lastKnownFileType = sourcecode.swift; path = AppDelegate.swift; sourceTree = "<group>"; };
		436846BD263AE01D00967143 /* SceneDelegate.swift */ = {isa = PBXFileReference; lastKnownFileType = sourcecode.swift; path = SceneDelegate.swift; sourceTree = "<group>"; };
		436846BF263AE01D00967143 /* ViewController.swift */ = {isa = PBXFileReference; lastKnownFileType = sourcecode.swift; path = ViewController.swift; sourceTree = "<group>"; };
		436846C2263AE01D00967143 /* Base */ = {isa = PBXFileReference; lastKnownFileType = file.storyboard; name = Base; path = Base.lproj/Main.storyboard; sourceTree = "<group>"; };
		436846C5263AE01D00967143 /* iOS_Study.xcdatamodel */ = {isa = PBXFileReference; lastKnownFileType = wrapper.xcdatamodel; path = iOS_Study.xcdatamodel; sourceTree = "<group>"; };
		436846C7263AE02100967143 /* Assets.xcassets */ = {isa = PBXFileReference; lastKnownFileType = folder.assetcatalog; path = Assets.xcassets; sourceTree = "<group>"; };
		436846CA263AE02100967143 /* Base */ = {isa = PBXFileReference; lastKnownFileType = file.storyboard; name = Base; path = Base.lproj/LaunchScreen.storyboard; sourceTree = "<group>"; };
		436846CC263AE02100967143 /* Info.plist */ = {isa = PBXFileReference; lastKnownFileType = text.plist.xml; path = Info.plist; sourceTree = "<group>"; };
		436846D1263AE02100967143 /* iOS_StudyTests.xctest */ = {isa = PBXFileReference; explicitFileType = wrapper.cfbundle; includeInIndex = 0; path = iOS_StudyTests.xctest; sourceTree = BUILT_PRODUCTS_DIR; };
		436846D5263AE02100967143 /* iOS_StudyTests.swift */ = {isa = PBXFileReference; lastKnownFileType = sourcecode.swift; path = iOS_StudyTests.swift; sourceTree = "<group>"; };
		436846D7263AE02100967143 /* Info.plist */ = {isa = PBXFileReference; lastKnownFileType = text.plist.xml; path = Info.plist; sourceTree = "<group>"; };
		436846DC263AE02100967143 /* iOS_StudyUITests.xctest */ = {isa = PBXFileReference; explicitFileType = wrapper.cfbundle; includeInIndex = 0; path = iOS_StudyUITests.xctest; sourceTree = BUILT_PRODUCTS_DIR; };
		436846E0263AE02100967143 /* iOS_StudyUITests.swift */ = {isa = PBXFileReference; lastKnownFileType = sourcecode.swift; path = iOS_StudyUITests.swift; sourceTree = "<group>"; };
		436846E2263AE02100967143 /* Info.plist */ = {isa = PBXFileReference; lastKnownFileType = text.plist.xml; path = Info.plist; sourceTree = "<group>"; };
		43684704263AE27600967143 /* ViewLayoutTestViewController.swift */ = {isa = PBXFileReference; lastKnownFileType = sourcecode.swift; path = ViewLayoutTestViewController.swift; sourceTree = "<group>"; };
		43A0BAC62697FE5D00E4A8A4 /* CollectionViewController.swift */ = {isa = PBXFileReference; lastKnownFileType = sourcecode.swift; path = CollectionViewController.swift; sourceTree = "<group>"; };
		43A0BAC72697FE5D00E4A8A4 /* CollectionViewController.xib */ = {isa = PBXFileReference; lastKnownFileType = file.xib; path = CollectionViewController.xib; sourceTree = "<group>"; };
		59EA035FB453A2237407392A /* Pods-iOS_Study-iOS_StudyUITests.release.xcconfig */ = {isa = PBXFileReference; includeInIndex = 1; lastKnownFileType = text.xcconfig; name = "Pods-iOS_Study-iOS_StudyUITests.release.xcconfig"; path = "Target Support Files/Pods-iOS_Study-iOS_StudyUITests/Pods-iOS_Study-iOS_StudyUITests.release.xcconfig"; sourceTree = "<group>"; };
		6E63C67E0F5A19F52AE476D6 /* Pods-iOS_Study-iOS_StudyUITests.debug.xcconfig */ = {isa = PBXFileReference; includeInIndex = 1; lastKnownFileType = text.xcconfig; name = "Pods-iOS_Study-iOS_StudyUITests.debug.xcconfig"; path = "Target Support Files/Pods-iOS_Study-iOS_StudyUITests/Pods-iOS_Study-iOS_StudyUITests.debug.xcconfig"; sourceTree = "<group>"; };
		B24B93902671F7450037D750 /* CustomLogger.swift */ = {isa = PBXFileReference; lastKnownFileType = sourcecode.swift; path = CustomLogger.swift; sourceTree = "<group>"; };
		B2A5D80B2689AE5600462F70 /* CustomView.swift */ = {isa = PBXFileReference; lastKnownFileType = sourcecode.swift; path = CustomView.swift; sourceTree = "<group>"; };
		B2A5D8132689AE8A00462F70 /* CustomView.xib */ = {isa = PBXFileReference; lastKnownFileType = file.xib; path = CustomView.xib; sourceTree = "<group>"; };
		B2AFA79626D61BA400D5ED18 /* lottie-3.json */ = {isa = PBXFileReference; fileEncoding = 4; lastKnownFileType = text.json; path = "lottie-3.json"; sourceTree = "<group>"; };
		B2AFA79726D61BA400D5ED18 /* lottie-1.json */ = {isa = PBXFileReference; fileEncoding = 4; lastKnownFileType = text.json; path = "lottie-1.json"; sourceTree = "<group>"; };
		B2AFA79826D61BA400D5ED18 /* lottie-2.json */ = {isa = PBXFileReference; fileEncoding = 4; lastKnownFileType = text.json; path = "lottie-2.json"; sourceTree = "<group>"; };
		B2AFA7AF26D7296F00D5ED18 /* TopTabBarItem.swift */ = {isa = PBXFileReference; lastKnownFileType = sourcecode.swift; path = TopTabBarItem.swift; sourceTree = "<group>"; };
		B2AFA7C026D753DB00D5ED18 /* TabBar.storyboard */ = {isa = PBXFileReference; lastKnownFileType = file.storyboard; path = TabBar.storyboard; sourceTree = "<group>"; };
		B2AFA7CB26D759E400D5ED18 /* AssetInnerViewController.swift */ = {isa = PBXFileReference; lastKnownFileType = sourcecode.swift; path = AssetInnerViewController.swift; sourceTree = "<group>"; };
		B2AFA7D026D75C1200D5ED18 /* TopTabNavigationMenu.swift */ = {isa = PBXFileReference; lastKnownFileType = sourcecode.swift; path = TopTabNavigationMenu.swift; sourceTree = "<group>"; };
		B2B8327326A552D2009006F1 /* RxStudyViewController.swift */ = {isa = PBXFileReference; lastKnownFileType = sourcecode.swift; path = RxStudyViewController.swift; sourceTree = "<group>"; };
		B2B8327426A552D2009006F1 /* RxStudyViewController.xib */ = {isa = PBXFileReference; lastKnownFileType = file.xib; path = RxStudyViewController.xib; sourceTree = "<group>"; };
		B2EBA24B26CDE37E00A40782 /* SwinjectSampleViewController.swift */ = {isa = PBXFileReference; lastKnownFileType = sourcecode.swift; path = SwinjectSampleViewController.swift; sourceTree = "<group>"; };
		B2EBA24C26CDE37E00A40782 /* SwinjectSampleViewController.xib */ = {isa = PBXFileReference; lastKnownFileType = file.xib; path = SwinjectSampleViewController.xib; sourceTree = "<group>"; };
		B2EBA2A026D4911400A40782 /* BottomTabBarItem.swift */ = {isa = PBXFileReference; lastKnownFileType = sourcecode.swift; path = BottomTabBarItem.swift; sourceTree = "<group>"; };
		B2EBA2AD26D4ACDC00A40782 /* BankingTabViewController.swift */ = {isa = PBXFileReference; lastKnownFileType = sourcecode.swift; path = BankingTabViewController.swift; sourceTree = "<group>"; };
		B2EBA2AE26D4ACDC00A40782 /* BankingTabViewController.xib */ = {isa = PBXFileReference; lastKnownFileType = file.xib; path = BankingTabViewController.xib; sourceTree = "<group>"; };
		B2EBA2B426D4ACED00A40782 /* AssetTabViewController.swift */ = {isa = PBXFileReference; lastKnownFileType = sourcecode.swift; path = AssetTabViewController.swift; sourceTree = "<group>"; };
		B2EBA2B526D4ACED00A40782 /* AssetTabViewController.xib */ = {isa = PBXFileReference; lastKnownFileType = file.xib; path = AssetTabViewController.xib; sourceTree = "<group>"; };
		B2EBA2BB26D4ACFE00A40782 /* BenefitTabViewController.swift */ = {isa = PBXFileReference; lastKnownFileType = sourcecode.swift; path = BenefitTabViewController.swift; sourceTree = "<group>"; };
		B2EBA2BC26D4ACFE00A40782 /* BenefitTabViewController.xib */ = {isa = PBXFileReference; lastKnownFileType = file.xib; path = BenefitTabViewController.xib; sourceTree = "<group>"; };
		B2EBA2C526D4AE7500A40782 /* BaseTabBarViewController.swift */ = {isa = PBXFileReference; lastKnownFileType = sourcecode.swift; path = BaseTabBarViewController.swift; sourceTree = "<group>"; };
		B2EBA2CD26D4B06200A40782 /* BottomTabNavigationMenu.swift */ = {isa = PBXFileReference; lastKnownFileType = sourcecode.swift; path = BottomTabNavigationMenu.swift; sourceTree = "<group>"; };
		B2EBA2D626D5DBB800A40782 /* FloatingButton.swift */ = {isa = PBXFileReference; lastKnownFileType = sourcecode.swift; path = FloatingButton.swift; sourceTree = "<group>"; };
		B2EBA2DE26D5DD8700A40782 /* FloatingButton.xib */ = {isa = PBXFileReference; lastKnownFileType = file.xib; path = FloatingButton.xib; sourceTree = "<group>"; };
		D78F7FE5992AF0085F91D64D /* Pods_iOS_StudyTests.framework */ = {isa = PBXFileReference; explicitFileType = wrapper.framework; includeInIndex = 0; path = Pods_iOS_StudyTests.framework; sourceTree = BUILT_PRODUCTS_DIR; };
		E04337CD572DA9F858C6189E /* Pods-iOS_Study.debug.xcconfig */ = {isa = PBXFileReference; includeInIndex = 1; lastKnownFileType = text.xcconfig; name = "Pods-iOS_Study.debug.xcconfig"; path = "Target Support Files/Pods-iOS_Study/Pods-iOS_Study.debug.xcconfig"; sourceTree = "<group>"; };
		E9AFA0207E1148D9D9563108 /* Pods_iOS_Study_iOS_StudyUITests.framework */ = {isa = PBXFileReference; explicitFileType = wrapper.framework; includeInIndex = 0; path = Pods_iOS_Study_iOS_StudyUITests.framework; sourceTree = BUILT_PRODUCTS_DIR; };
/* End PBXFileReference section */

/* Begin PBXFrameworksBuildPhase section */
		436846B5263AE01D00967143 /* Frameworks */ = {
			isa = PBXFrameworksBuildPhase;
			buildActionMask = 2147483647;
			files = (
				278DA802D2EC01B878079D8B /* Pods_iOS_Study.framework in Frameworks */,
			);
			runOnlyForDeploymentPostprocessing = 0;
		};
		436846CE263AE02100967143 /* Frameworks */ = {
			isa = PBXFrameworksBuildPhase;
			buildActionMask = 2147483647;
			files = (
				9D045CE3A8840968F4F74F6C /* Pods_iOS_StudyTests.framework in Frameworks */,
			);
			runOnlyForDeploymentPostprocessing = 0;
		};
		436846D9263AE02100967143 /* Frameworks */ = {
			isa = PBXFrameworksBuildPhase;
			buildActionMask = 2147483647;
			files = (
				2B9420693290715AF76FDDF5 /* Pods_iOS_Study_iOS_StudyUITests.framework in Frameworks */,
			);
			runOnlyForDeploymentPostprocessing = 0;
		};
/* End PBXFrameworksBuildPhase section */

/* Begin PBXGroup section */
		05F11B6C8C6488B6FEEC4FCB /* Frameworks */ = {
			isa = PBXGroup;
			children = (
				17A8AA75E273A35728C66193 /* Pods_iOS_Study.framework */,
				E9AFA0207E1148D9D9563108 /* Pods_iOS_Study_iOS_StudyUITests.framework */,
				D78F7FE5992AF0085F91D64D /* Pods_iOS_StudyTests.framework */,
			);
			name = Frameworks;
			sourceTree = "<group>";
		};
		0DDE98664700E23DD1ACF6BF /* Pods */ = {
			isa = PBXGroup;
			children = (
				E04337CD572DA9F858C6189E /* Pods-iOS_Study.debug.xcconfig */,
				23624CD9B422C01ABDCBC230 /* Pods-iOS_Study.release.xcconfig */,
				6E63C67E0F5A19F52AE476D6 /* Pods-iOS_Study-iOS_StudyUITests.debug.xcconfig */,
				59EA035FB453A2237407392A /* Pods-iOS_Study-iOS_StudyUITests.release.xcconfig */,
				0430646F550F7E1A6F29A44D /* Pods-iOS_StudyTests.debug.xcconfig */,
				0816B7B2EC34CC32D6E5BAA6 /* Pods-iOS_StudyTests.release.xcconfig */,
			);
			path = Pods;
			sourceTree = "<group>";
		};
		436846AF263AE01D00967143 = {
			isa = PBXGroup;
			children = (
				436846BA263AE01D00967143 /* iOS_Study */,
				436846D4263AE02100967143 /* iOS_StudyTests */,
				436846DF263AE02100967143 /* iOS_StudyUITests */,
				436846B9263AE01D00967143 /* Products */,
				0DDE98664700E23DD1ACF6BF /* Pods */,
				05F11B6C8C6488B6FEEC4FCB /* Frameworks */,
			);
			sourceTree = "<group>";
		};
		436846B9263AE01D00967143 /* Products */ = {
			isa = PBXGroup;
			children = (
				436846B8263AE01D00967143 /* iOS_Study.app */,
				436846D1263AE02100967143 /* iOS_StudyTests.xctest */,
				436846DC263AE02100967143 /* iOS_StudyUITests.xctest */,
			);
			name = Products;
			sourceTree = "<group>";
		};
		436846BA263AE01D00967143 /* iOS_Study */ = {
			isa = PBXGroup;
			children = (
				B2AFA79526D61B8400D5ED18 /* Resource */,
				B2EBA2D526D5D7F700A40782 /* FloatingButton */,
				B2EBA29426D4814300A40782 /* TabBar */,
				B2EBA24726CDE14100A40782 /* Swinject */,
				B2B8327226A552AF009006F1 /* RxSwift */,
				43A0BAC52697FE4000E4A8A4 /* UICollectionView */,
				B2A5D80A2689ADFD00462F70 /* CustomView */,
				B24B938F2671F7370037D750 /* Logger */,
				43684703263AE23B00967143 /* View Layout Test */,
				436846BB263AE01D00967143 /* AppDelegate.swift */,
				436846BD263AE01D00967143 /* SceneDelegate.swift */,
				436846BF263AE01D00967143 /* ViewController.swift */,
				436846C1263AE01D00967143 /* Main.storyboard */,
				436846C7263AE02100967143 /* Assets.xcassets */,
				436846C9263AE02100967143 /* LaunchScreen.storyboard */,
				436846CC263AE02100967143 /* Info.plist */,
				436846C4263AE01D00967143 /* iOS_Study.xcdatamodeld */,
			);
			path = iOS_Study;
			sourceTree = "<group>";
		};
		436846D4263AE02100967143 /* iOS_StudyTests */ = {
			isa = PBXGroup;
			children = (
				436846D5263AE02100967143 /* iOS_StudyTests.swift */,
				436846D7263AE02100967143 /* Info.plist */,
			);
			path = iOS_StudyTests;
			sourceTree = "<group>";
		};
		436846DF263AE02100967143 /* iOS_StudyUITests */ = {
			isa = PBXGroup;
			children = (
				436846E0263AE02100967143 /* iOS_StudyUITests.swift */,
				436846E2263AE02100967143 /* Info.plist */,
			);
			path = iOS_StudyUITests;
			sourceTree = "<group>";
		};
		43684703263AE23B00967143 /* View Layout Test */ = {
			isa = PBXGroup;
			children = (
				43684704263AE27600967143 /* ViewLayoutTestViewController.swift */,
			);
			path = "View Layout Test";
			sourceTree = "<group>";
		};
		43A0BAC52697FE4000E4A8A4 /* UICollectionView */ = {
			isa = PBXGroup;
			children = (
				43A0BAC62697FE5D00E4A8A4 /* CollectionViewController.swift */,
				43A0BAC72697FE5D00E4A8A4 /* CollectionViewController.xib */,
			);
			path = UICollectionView;
			sourceTree = "<group>";
		};
		B24B938F2671F7370037D750 /* Logger */ = {
			isa = PBXGroup;
			children = (
				B24B93902671F7450037D750 /* CustomLogger.swift */,
			);
			path = Logger;
			sourceTree = "<group>";
		};
		B2A5D80A2689ADFD00462F70 /* CustomView */ = {
			isa = PBXGroup;
			children = (
				B2A5D80B2689AE5600462F70 /* CustomView.swift */,
				B2A5D8132689AE8A00462F70 /* CustomView.xib */,
			);
			path = CustomView;
			sourceTree = "<group>";
		};
		B2AFA79526D61B8400D5ED18 /* Resource */ = {
			isa = PBXGroup;
			children = (
				B2AFA79726D61BA400D5ED18 /* lottie-1.json */,
				B2AFA79826D61BA400D5ED18 /* lottie-2.json */,
				B2AFA79626D61BA400D5ED18 /* lottie-3.json */,
			);
			path = Resource;
			sourceTree = "<group>";
		};
		B2AFA7C526D7576C00D5ED18 /* Banking */ = {
			isa = PBXGroup;
			children = (
				B2EBA2AD26D4ACDC00A40782 /* BankingTabViewController.swift */,
				B2EBA2AE26D4ACDC00A40782 /* BankingTabViewController.xib */,
			);
			path = Banking;
			sourceTree = "<group>";
		};
		B2AFA7C626D7577300D5ED18 /* Asset */ = {
			isa = PBXGroup;
			children = (
				B2EBA2B426D4ACED00A40782 /* AssetTabViewController.swift */,
				B2EBA2B526D4ACED00A40782 /* AssetTabViewController.xib */,
				B2AFA7CB26D759E400D5ED18 /* AssetInnerViewController.swift */,
			);
			path = Asset;
			sourceTree = "<group>";
		};
		B2AFA7C726D7577900D5ED18 /* Benefit */ = {
			isa = PBXGroup;
			children = (
				B2EBA2BB26D4ACFE00A40782 /* BenefitTabViewController.swift */,
				B2EBA2BC26D4ACFE00A40782 /* BenefitTabViewController.xib */,
			);
			path = Benefit;
			sourceTree = "<group>";
		};
		B2B8327226A552AF009006F1 /* RxSwift */ = {
			isa = PBXGroup;
			children = (
				B2B8327326A552D2009006F1 /* RxStudyViewController.swift */,
				B2B8327426A552D2009006F1 /* RxStudyViewController.xib */,
			);
			path = RxSwift;
			sourceTree = "<group>";
		};
		B2EBA24726CDE14100A40782 /* Swinject */ = {
			isa = PBXGroup;
			children = (
				B2EBA24B26CDE37E00A40782 /* SwinjectSampleViewController.swift */,
				B2EBA24C26CDE37E00A40782 /* SwinjectSampleViewController.xib */,
			);
			path = Swinject;
			sourceTree = "<group>";
		};
		B2EBA29426D4814300A40782 /* TabBar */ = {
			isa = PBXGroup;
			children = (
				B2AFA7C526D7576C00D5ED18 /* Banking */,
				B2AFA7C626D7577300D5ED18 /* Asset */,
				B2AFA7C726D7577900D5ED18 /* Benefit */,
				B2AFA7C026D753DB00D5ED18 /* TabBar.storyboard */,
				B2AFA7AF26D7296F00D5ED18 /* TopTabBarItem.swift */,
				B2EBA2A026D4911400A40782 /* BottomTabBarItem.swift */,
				B2AFA7D026D75C1200D5ED18 /* TopTabNavigationMenu.swift */,
				B2EBA2CD26D4B06200A40782 /* BottomTabNavigationMenu.swift */,
				B2EBA2C526D4AE7500A40782 /* BaseTabBarViewController.swift */,
			);
			path = TabBar;
			sourceTree = "<group>";
		};
		B2EBA2D526D5D7F700A40782 /* FloatingButton */ = {
			isa = PBXGroup;
			children = (
				B2EBA2D626D5DBB800A40782 /* FloatingButton.swift */,
				B2EBA2DE26D5DD8700A40782 /* FloatingButton.xib */,
			);
			path = FloatingButton;
			sourceTree = "<group>";
		};
/* End PBXGroup section */

/* Begin PBXNativeTarget section */
		436846B7263AE01D00967143 /* iOS_Study */ = {
			isa = PBXNativeTarget;
			buildConfigurationList = 436846E5263AE02100967143 /* Build configuration list for PBXNativeTarget "iOS_Study" */;
			buildPhases = (
				5C3CCDA8DAED266C79A14121 /* [CP] Check Pods Manifest.lock */,
				436846B4263AE01D00967143 /* Sources */,
				436846B5263AE01D00967143 /* Frameworks */,
				436846B6263AE01D00967143 /* Resources */,
				0E82D1E31F4DC83A78DE2416 /* [CP] Embed Pods Frameworks */,
			);
			buildRules = (
			);
			dependencies = (
			);
			name = iOS_Study;
			productName = iOS_Study;
			productReference = 436846B8263AE01D00967143 /* iOS_Study.app */;
			productType = "com.apple.product-type.application";
		};
		436846D0263AE02100967143 /* iOS_StudyTests */ = {
			isa = PBXNativeTarget;
			buildConfigurationList = 436846E8263AE02100967143 /* Build configuration list for PBXNativeTarget "iOS_StudyTests" */;
			buildPhases = (
				722A37BE040FC51C902DE148 /* [CP] Check Pods Manifest.lock */,
				436846CD263AE02100967143 /* Sources */,
				436846CE263AE02100967143 /* Frameworks */,
				436846CF263AE02100967143 /* Resources */,
			);
			buildRules = (
			);
			dependencies = (
				436846D3263AE02100967143 /* PBXTargetDependency */,
			);
			name = iOS_StudyTests;
			productName = iOS_StudyTests;
			productReference = 436846D1263AE02100967143 /* iOS_StudyTests.xctest */;
			productType = "com.apple.product-type.bundle.unit-test";
		};
		436846DB263AE02100967143 /* iOS_StudyUITests */ = {
			isa = PBXNativeTarget;
			buildConfigurationList = 436846EB263AE02100967143 /* Build configuration list for PBXNativeTarget "iOS_StudyUITests" */;
			buildPhases = (
				0405606347D22440509CA916 /* [CP] Check Pods Manifest.lock */,
				436846D8263AE02100967143 /* Sources */,
				436846D9263AE02100967143 /* Frameworks */,
				436846DA263AE02100967143 /* Resources */,
				D2C77B6EC012F29A89490DF0 /* [CP] Embed Pods Frameworks */,
			);
			buildRules = (
			);
			dependencies = (
				436846DE263AE02100967143 /* PBXTargetDependency */,
			);
			name = iOS_StudyUITests;
			productName = iOS_StudyUITests;
			productReference = 436846DC263AE02100967143 /* iOS_StudyUITests.xctest */;
			productType = "com.apple.product-type.bundle.ui-testing";
		};
/* End PBXNativeTarget section */

/* Begin PBXProject section */
		436846B0263AE01D00967143 /* Project object */ = {
			isa = PBXProject;
			attributes = {
				LastSwiftUpdateCheck = 1220;
				LastUpgradeCheck = 1220;
				TargetAttributes = {
					436846B7263AE01D00967143 = {
						CreatedOnToolsVersion = 12.2;
					};
					436846D0263AE02100967143 = {
						CreatedOnToolsVersion = 12.2;
						TestTargetID = 436846B7263AE01D00967143;
					};
					436846DB263AE02100967143 = {
						CreatedOnToolsVersion = 12.2;
						TestTargetID = 436846B7263AE01D00967143;
					};
				};
			};
			buildConfigurationList = 436846B3263AE01D00967143 /* Build configuration list for PBXProject "iOS_Study" */;
			compatibilityVersion = "Xcode 9.3";
			developmentRegion = en;
			hasScannedForEncodings = 0;
			knownRegions = (
				en,
				Base,
			);
			mainGroup = 436846AF263AE01D00967143;
			productRefGroup = 436846B9263AE01D00967143 /* Products */;
			projectDirPath = "";
			projectRoot = "";
			targets = (
				436846B7263AE01D00967143 /* iOS_Study */,
				436846D0263AE02100967143 /* iOS_StudyTests */,
				436846DB263AE02100967143 /* iOS_StudyUITests */,
			);
		};
/* End PBXProject section */

/* Begin PBXResourcesBuildPhase section */
		436846B6263AE01D00967143 /* Resources */ = {
			isa = PBXResourcesBuildPhase;
			buildActionMask = 2147483647;
			files = (
				B2EBA2DF26D5DD8700A40782 /* FloatingButton.xib in Resources */,
				B2EBA24E26CDE37E00A40782 /* SwinjectSampleViewController.xib in Resources */,
				B2AFA79926D61BA400D5ED18 /* lottie-3.json in Resources */,
				436846CB263AE02100967143 /* LaunchScreen.storyboard in Resources */,
				43A0BAC92697FE5D00E4A8A4 /* CollectionViewController.xib in Resources */,
				B2AFA79A26D61BA400D5ED18 /* lottie-1.json in Resources */,
				B2EBA2B726D4ACED00A40782 /* AssetTabViewController.xib in Resources */,
				B2EBA2B026D4ACDC00A40782 /* BankingTabViewController.xib in Resources */,
				B2A5D8142689AE8A00462F70 /* CustomView.xib in Resources */,
				B2EBA2BE26D4ACFE00A40782 /* BenefitTabViewController.xib in Resources */,
				B2AFA7C126D753DB00D5ED18 /* TabBar.storyboard in Resources */,
				436846C8263AE02100967143 /* Assets.xcassets in Resources */,
				B2AFA79B26D61BA400D5ED18 /* lottie-2.json in Resources */,
				B2B8327626A552D2009006F1 /* RxStudyViewController.xib in Resources */,
				436846C3263AE01D00967143 /* Main.storyboard in Resources */,
			);
			runOnlyForDeploymentPostprocessing = 0;
		};
		436846CF263AE02100967143 /* Resources */ = {
			isa = PBXResourcesBuildPhase;
			buildActionMask = 2147483647;
			files = (
			);
			runOnlyForDeploymentPostprocessing = 0;
		};
		436846DA263AE02100967143 /* Resources */ = {
			isa = PBXResourcesBuildPhase;
			buildActionMask = 2147483647;
			files = (
			);
			runOnlyForDeploymentPostprocessing = 0;
		};
/* End PBXResourcesBuildPhase section */

/* Begin PBXShellScriptBuildPhase section */
		0405606347D22440509CA916 /* [CP] Check Pods Manifest.lock */ = {
			isa = PBXShellScriptBuildPhase;
			buildActionMask = 2147483647;
			files = (
			);
			inputFileListPaths = (
			);
			inputPaths = (
				"${PODS_PODFILE_DIR_PATH}/Podfile.lock",
				"${PODS_ROOT}/Manifest.lock",
			);
			name = "[CP] Check Pods Manifest.lock";
			outputFileListPaths = (
			);
			outputPaths = (
				"$(DERIVED_FILE_DIR)/Pods-iOS_Study-iOS_StudyUITests-checkManifestLockResult.txt",
			);
			runOnlyForDeploymentPostprocessing = 0;
			shellPath = /bin/sh;
			shellScript = "diff \"${PODS_PODFILE_DIR_PATH}/Podfile.lock\" \"${PODS_ROOT}/Manifest.lock\" > /dev/null\nif [ $? != 0 ] ; then\n    # print error to STDERR\n    echo \"error: The sandbox is not in sync with the Podfile.lock. Run 'pod install' or update your CocoaPods installation.\" >&2\n    exit 1\nfi\n# This output is used by Xcode 'outputs' to avoid re-running this script phase.\necho \"SUCCESS\" > \"${SCRIPT_OUTPUT_FILE_0}\"\n";
			showEnvVarsInLog = 0;
		};
		0E82D1E31F4DC83A78DE2416 /* [CP] Embed Pods Frameworks */ = {
			isa = PBXShellScriptBuildPhase;
			buildActionMask = 2147483647;
			files = (
			);
			inputFileListPaths = (
				"${PODS_ROOT}/Target Support Files/Pods-iOS_Study/Pods-iOS_Study-frameworks-${CONFIGURATION}-input-files.xcfilelist",
			);
			name = "[CP] Embed Pods Frameworks";
			outputFileListPaths = (
				"${PODS_ROOT}/Target Support Files/Pods-iOS_Study/Pods-iOS_Study-frameworks-${CONFIGURATION}-output-files.xcfilelist",
			);
			runOnlyForDeploymentPostprocessing = 0;
			shellPath = /bin/sh;
			shellScript = "\"${PODS_ROOT}/Target Support Files/Pods-iOS_Study/Pods-iOS_Study-frameworks.sh\"\n";
			showEnvVarsInLog = 0;
		};
		5C3CCDA8DAED266C79A14121 /* [CP] Check Pods Manifest.lock */ = {
			isa = PBXShellScriptBuildPhase;
			buildActionMask = 2147483647;
			files = (
			);
			inputFileListPaths = (
			);
			inputPaths = (
				"${PODS_PODFILE_DIR_PATH}/Podfile.lock",
				"${PODS_ROOT}/Manifest.lock",
			);
			name = "[CP] Check Pods Manifest.lock";
			outputFileListPaths = (
			);
			outputPaths = (
				"$(DERIVED_FILE_DIR)/Pods-iOS_Study-checkManifestLockResult.txt",
			);
			runOnlyForDeploymentPostprocessing = 0;
			shellPath = /bin/sh;
			shellScript = "diff \"${PODS_PODFILE_DIR_PATH}/Podfile.lock\" \"${PODS_ROOT}/Manifest.lock\" > /dev/null\nif [ $? != 0 ] ; then\n    # print error to STDERR\n    echo \"error: The sandbox is not in sync with the Podfile.lock. Run 'pod install' or update your CocoaPods installation.\" >&2\n    exit 1\nfi\n# This output is used by Xcode 'outputs' to avoid re-running this script phase.\necho \"SUCCESS\" > \"${SCRIPT_OUTPUT_FILE_0}\"\n";
			showEnvVarsInLog = 0;
		};
		722A37BE040FC51C902DE148 /* [CP] Check Pods Manifest.lock */ = {
			isa = PBXShellScriptBuildPhase;
			buildActionMask = 2147483647;
			files = (
			);
			inputFileListPaths = (
			);
			inputPaths = (
				"${PODS_PODFILE_DIR_PATH}/Podfile.lock",
				"${PODS_ROOT}/Manifest.lock",
			);
			name = "[CP] Check Pods Manifest.lock";
			outputFileListPaths = (
			);
			outputPaths = (
				"$(DERIVED_FILE_DIR)/Pods-iOS_StudyTests-checkManifestLockResult.txt",
			);
			runOnlyForDeploymentPostprocessing = 0;
			shellPath = /bin/sh;
			shellScript = "diff \"${PODS_PODFILE_DIR_PATH}/Podfile.lock\" \"${PODS_ROOT}/Manifest.lock\" > /dev/null\nif [ $? != 0 ] ; then\n    # print error to STDERR\n    echo \"error: The sandbox is not in sync with the Podfile.lock. Run 'pod install' or update your CocoaPods installation.\" >&2\n    exit 1\nfi\n# This output is used by Xcode 'outputs' to avoid re-running this script phase.\necho \"SUCCESS\" > \"${SCRIPT_OUTPUT_FILE_0}\"\n";
			showEnvVarsInLog = 0;
		};
		D2C77B6EC012F29A89490DF0 /* [CP] Embed Pods Frameworks */ = {
			isa = PBXShellScriptBuildPhase;
			buildActionMask = 2147483647;
			files = (
			);
			inputFileListPaths = (
				"${PODS_ROOT}/Target Support Files/Pods-iOS_Study-iOS_StudyUITests/Pods-iOS_Study-iOS_StudyUITests-frameworks-${CONFIGURATION}-input-files.xcfilelist",
			);
			name = "[CP] Embed Pods Frameworks";
			outputFileListPaths = (
				"${PODS_ROOT}/Target Support Files/Pods-iOS_Study-iOS_StudyUITests/Pods-iOS_Study-iOS_StudyUITests-frameworks-${CONFIGURATION}-output-files.xcfilelist",
			);
			runOnlyForDeploymentPostprocessing = 0;
			shellPath = /bin/sh;
			shellScript = "\"${PODS_ROOT}/Target Support Files/Pods-iOS_Study-iOS_StudyUITests/Pods-iOS_Study-iOS_StudyUITests-frameworks.sh\"\n";
			showEnvVarsInLog = 0;
		};
/* End PBXShellScriptBuildPhase section */

/* Begin PBXSourcesBuildPhase section */
		436846B4263AE01D00967143 /* Sources */ = {
			isa = PBXSourcesBuildPhase;
			buildActionMask = 2147483647;
			files = (
				B2EBA2AF26D4ACDC00A40782 /* BankingTabViewController.swift in Sources */,
				B2EBA2D726D5DBB800A40782 /* FloatingButton.swift in Sources */,
				B2EBA2B626D4ACED00A40782 /* AssetTabViewController.swift in Sources */,
				436846C0263AE01D00967143 /* ViewController.swift in Sources */,
				B2AFA7D126D75C1200D5ED18 /* TopTabNavigationMenu.swift in Sources */,
				B2EBA24D26CDE37E00A40782 /* SwinjectSampleViewController.swift in Sources */,
				436846C6263AE01D00967143 /* iOS_Study.xcdatamodeld in Sources */,
				B24B93912671F7450037D750 /* CustomLogger.swift in Sources */,
				B2A5D80C2689AE5600462F70 /* CustomView.swift in Sources */,
				B2EBA2BD26D4ACFE00A40782 /* BenefitTabViewController.swift in Sources */,
				B2EBA2C626D4AE7500A40782 /* BaseTabBarViewController.swift in Sources */,
				B2AFA7B026D7296F00D5ED18 /* TopTabBarItem.swift in Sources */,
				B2EBA2A126D4911400A40782 /* BottomTabBarItem.swift in Sources */,
				43A0BAC82697FE5D00E4A8A4 /* CollectionViewController.swift in Sources */,
				B2B8327526A552D2009006F1 /* RxStudyViewController.swift in Sources */,
				436846BC263AE01D00967143 /* AppDelegate.swift in Sources */,
				43684705263AE27600967143 /* ViewLayoutTestViewController.swift in Sources */,
				B2EBA2CE26D4B06200A40782 /* BottomTabNavigationMenu.swift in Sources */,
				436846BE263AE01D00967143 /* SceneDelegate.swift in Sources */,
				B2AFA7CC26D759E400D5ED18 /* AssetInnerViewController.swift in Sources */,
			);
			runOnlyForDeploymentPostprocessing = 0;
		};
		436846CD263AE02100967143 /* Sources */ = {
			isa = PBXSourcesBuildPhase;
			buildActionMask = 2147483647;
			files = (
				436846D6263AE02100967143 /* iOS_StudyTests.swift in Sources */,
			);
			runOnlyForDeploymentPostprocessing = 0;
		};
		436846D8263AE02100967143 /* Sources */ = {
			isa = PBXSourcesBuildPhase;
			buildActionMask = 2147483647;
			files = (
				436846E1263AE02100967143 /* iOS_StudyUITests.swift in Sources */,
			);
			runOnlyForDeploymentPostprocessing = 0;
		};
/* End PBXSourcesBuildPhase section */

/* Begin PBXTargetDependency section */
		436846D3263AE02100967143 /* PBXTargetDependency */ = {
			isa = PBXTargetDependency;
			target = 436846B7263AE01D00967143 /* iOS_Study */;
			targetProxy = 436846D2263AE02100967143 /* PBXContainerItemProxy */;
		};
		436846DE263AE02100967143 /* PBXTargetDependency */ = {
			isa = PBXTargetDependency;
			target = 436846B7263AE01D00967143 /* iOS_Study */;
			targetProxy = 436846DD263AE02100967143 /* PBXContainerItemProxy */;
		};
/* End PBXTargetDependency section */

/* Begin PBXVariantGroup section */
		436846C1263AE01D00967143 /* Main.storyboard */ = {
			isa = PBXVariantGroup;
			children = (
				436846C2263AE01D00967143 /* Base */,
			);
			name = Main.storyboard;
			sourceTree = "<group>";
		};
		436846C9263AE02100967143 /* LaunchScreen.storyboard */ = {
			isa = PBXVariantGroup;
			children = (
				436846CA263AE02100967143 /* Base */,
			);
			name = LaunchScreen.storyboard;
			sourceTree = "<group>";
		};
/* End PBXVariantGroup section */

/* Begin XCBuildConfiguration section */
		436846E3263AE02100967143 /* Debug */ = {
			isa = XCBuildConfiguration;
			buildSettings = {
				ALWAYS_SEARCH_USER_PATHS = NO;
				CLANG_ANALYZER_NONNULL = YES;
				CLANG_ANALYZER_NUMBER_OBJECT_CONVERSION = YES_AGGRESSIVE;
				CLANG_CXX_LANGUAGE_STANDARD = "gnu++14";
				CLANG_CXX_LIBRARY = "libc++";
				CLANG_ENABLE_MODULES = YES;
				CLANG_ENABLE_OBJC_ARC = YES;
				CLANG_ENABLE_OBJC_WEAK = YES;
				CLANG_WARN_BLOCK_CAPTURE_AUTORELEASING = YES;
				CLANG_WARN_BOOL_CONVERSION = YES;
				CLANG_WARN_COMMA = YES;
				CLANG_WARN_CONSTANT_CONVERSION = YES;
				CLANG_WARN_DEPRECATED_OBJC_IMPLEMENTATIONS = YES;
				CLANG_WARN_DIRECT_OBJC_ISA_USAGE = YES_ERROR;
				CLANG_WARN_DOCUMENTATION_COMMENTS = YES;
				CLANG_WARN_EMPTY_BODY = YES;
				CLANG_WARN_ENUM_CONVERSION = YES;
				CLANG_WARN_INFINITE_RECURSION = YES;
				CLANG_WARN_INT_CONVERSION = YES;
				CLANG_WARN_NON_LITERAL_NULL_CONVERSION = YES;
				CLANG_WARN_OBJC_IMPLICIT_RETAIN_SELF = YES;
				CLANG_WARN_OBJC_LITERAL_CONVERSION = YES;
				CLANG_WARN_OBJC_ROOT_CLASS = YES_ERROR;
				CLANG_WARN_QUOTED_INCLUDE_IN_FRAMEWORK_HEADER = YES;
				CLANG_WARN_RANGE_LOOP_ANALYSIS = YES;
				CLANG_WARN_STRICT_PROTOTYPES = YES;
				CLANG_WARN_SUSPICIOUS_MOVE = YES;
				CLANG_WARN_UNGUARDED_AVAILABILITY = YES_AGGRESSIVE;
				CLANG_WARN_UNREACHABLE_CODE = YES;
				CLANG_WARN__DUPLICATE_METHOD_MATCH = YES;
				COPY_PHASE_STRIP = NO;
				DEBUG_INFORMATION_FORMAT = dwarf;
				ENABLE_STRICT_OBJC_MSGSEND = YES;
				ENABLE_TESTABILITY = YES;
				GCC_C_LANGUAGE_STANDARD = gnu11;
				GCC_DYNAMIC_NO_PIC = NO;
				GCC_NO_COMMON_BLOCKS = YES;
				GCC_OPTIMIZATION_LEVEL = 0;
				GCC_PREPROCESSOR_DEFINITIONS = (
					"DEBUG=1",
					"$(inherited)",
				);
				GCC_WARN_64_TO_32_BIT_CONVERSION = YES;
				GCC_WARN_ABOUT_RETURN_TYPE = YES_ERROR;
				GCC_WARN_UNDECLARED_SELECTOR = YES;
				GCC_WARN_UNINITIALIZED_AUTOS = YES_AGGRESSIVE;
				GCC_WARN_UNUSED_FUNCTION = YES;
				GCC_WARN_UNUSED_VARIABLE = YES;
				IPHONEOS_DEPLOYMENT_TARGET = 13.0;
				MTL_ENABLE_DEBUG_INFO = INCLUDE_SOURCE;
				MTL_FAST_MATH = YES;
				ONLY_ACTIVE_ARCH = YES;
				SDKROOT = iphoneos;
				SWIFT_ACTIVE_COMPILATION_CONDITIONS = DEBUG;
				SWIFT_OPTIMIZATION_LEVEL = "-Onone";
			};
			name = Debug;
		};
		436846E4263AE02100967143 /* Release */ = {
			isa = XCBuildConfiguration;
			buildSettings = {
				ALWAYS_SEARCH_USER_PATHS = NO;
				CLANG_ANALYZER_NONNULL = YES;
				CLANG_ANALYZER_NUMBER_OBJECT_CONVERSION = YES_AGGRESSIVE;
				CLANG_CXX_LANGUAGE_STANDARD = "gnu++14";
				CLANG_CXX_LIBRARY = "libc++";
				CLANG_ENABLE_MODULES = YES;
				CLANG_ENABLE_OBJC_ARC = YES;
				CLANG_ENABLE_OBJC_WEAK = YES;
				CLANG_WARN_BLOCK_CAPTURE_AUTORELEASING = YES;
				CLANG_WARN_BOOL_CONVERSION = YES;
				CLANG_WARN_COMMA = YES;
				CLANG_WARN_CONSTANT_CONVERSION = YES;
				CLANG_WARN_DEPRECATED_OBJC_IMPLEMENTATIONS = YES;
				CLANG_WARN_DIRECT_OBJC_ISA_USAGE = YES_ERROR;
				CLANG_WARN_DOCUMENTATION_COMMENTS = YES;
				CLANG_WARN_EMPTY_BODY = YES;
				CLANG_WARN_ENUM_CONVERSION = YES;
				CLANG_WARN_INFINITE_RECURSION = YES;
				CLANG_WARN_INT_CONVERSION = YES;
				CLANG_WARN_NON_LITERAL_NULL_CONVERSION = YES;
				CLANG_WARN_OBJC_IMPLICIT_RETAIN_SELF = YES;
				CLANG_WARN_OBJC_LITERAL_CONVERSION = YES;
				CLANG_WARN_OBJC_ROOT_CLASS = YES_ERROR;
				CLANG_WARN_QUOTED_INCLUDE_IN_FRAMEWORK_HEADER = YES;
				CLANG_WARN_RANGE_LOOP_ANALYSIS = YES;
				CLANG_WARN_STRICT_PROTOTYPES = YES;
				CLANG_WARN_SUSPICIOUS_MOVE = YES;
				CLANG_WARN_UNGUARDED_AVAILABILITY = YES_AGGRESSIVE;
				CLANG_WARN_UNREACHABLE_CODE = YES;
				CLANG_WARN__DUPLICATE_METHOD_MATCH = YES;
				COPY_PHASE_STRIP = NO;
				DEBUG_INFORMATION_FORMAT = "dwarf-with-dsym";
				ENABLE_NS_ASSERTIONS = NO;
				ENABLE_STRICT_OBJC_MSGSEND = YES;
				GCC_C_LANGUAGE_STANDARD = gnu11;
				GCC_NO_COMMON_BLOCKS = YES;
				GCC_WARN_64_TO_32_BIT_CONVERSION = YES;
				GCC_WARN_ABOUT_RETURN_TYPE = YES_ERROR;
				GCC_WARN_UNDECLARED_SELECTOR = YES;
				GCC_WARN_UNINITIALIZED_AUTOS = YES_AGGRESSIVE;
				GCC_WARN_UNUSED_FUNCTION = YES;
				GCC_WARN_UNUSED_VARIABLE = YES;
				IPHONEOS_DEPLOYMENT_TARGET = 13.0;
				MTL_ENABLE_DEBUG_INFO = NO;
				MTL_FAST_MATH = YES;
				SDKROOT = iphoneos;
				SWIFT_COMPILATION_MODE = wholemodule;
				SWIFT_OPTIMIZATION_LEVEL = "-O";
				VALIDATE_PRODUCT = YES;
			};
			name = Release;
		};
		436846E6263AE02100967143 /* Debug */ = {
			isa = XCBuildConfiguration;
			baseConfigurationReference = E04337CD572DA9F858C6189E /* Pods-iOS_Study.debug.xcconfig */;
			buildSettings = {
				ASSETCATALOG_COMPILER_APPICON_NAME = AppIcon;
				ASSETCATALOG_COMPILER_GLOBAL_ACCENT_COLOR_NAME = AccentColor;
				CODE_SIGN_STYLE = Automatic;
				INFOPLIST_FILE = iOS_Study/Info.plist;
				IPHONEOS_DEPLOYMENT_TARGET = 13.0;
				LD_RUNPATH_SEARCH_PATHS = (
					"$(inherited)",
					"@executable_path/Frameworks",
				);
				PRODUCT_BUNDLE_IDENTIFIER = "com.jongko.iOS-Study";
				PRODUCT_NAME = "$(TARGET_NAME)";
				SWIFT_VERSION = 5.0;
				TARGETED_DEVICE_FAMILY = 1;
			};
			name = Debug;
		};
		436846E7263AE02100967143 /* Release */ = {
			isa = XCBuildConfiguration;
			baseConfigurationReference = 23624CD9B422C01ABDCBC230 /* Pods-iOS_Study.release.xcconfig */;
			buildSettings = {
				ASSETCATALOG_COMPILER_APPICON_NAME = AppIcon;
				ASSETCATALOG_COMPILER_GLOBAL_ACCENT_COLOR_NAME = AccentColor;
				CODE_SIGN_STYLE = Automatic;
				INFOPLIST_FILE = iOS_Study/Info.plist;
				IPHONEOS_DEPLOYMENT_TARGET = 13.0;
				LD_RUNPATH_SEARCH_PATHS = (
					"$(inherited)",
					"@executable_path/Frameworks",
				);
				PRODUCT_BUNDLE_IDENTIFIER = "com.jongko.iOS-Study";
				PRODUCT_NAME = "$(TARGET_NAME)";
				SWIFT_VERSION = 5.0;
				TARGETED_DEVICE_FAMILY = 1;
			};
			name = Release;
		};
		436846E9263AE02100967143 /* Debug */ = {
			isa = XCBuildConfiguration;
			baseConfigurationReference = 0430646F550F7E1A6F29A44D /* Pods-iOS_StudyTests.debug.xcconfig */;
			buildSettings = {
				ALWAYS_EMBED_SWIFT_STANDARD_LIBRARIES = YES;
				BUNDLE_LOADER = "$(TEST_HOST)";
				CODE_SIGN_STYLE = Automatic;
				INFOPLIST_FILE = iOS_StudyTests/Info.plist;
				IPHONEOS_DEPLOYMENT_TARGET = 13.0;
				LD_RUNPATH_SEARCH_PATHS = (
					"$(inherited)",
					"@executable_path/Frameworks",
					"@loader_path/Frameworks",
				);
				PRODUCT_BUNDLE_IDENTIFIER = "com.jongko.iOS-StudyTests";
				PRODUCT_NAME = "$(TARGET_NAME)";
				SWIFT_VERSION = 5.0;
				TARGETED_DEVICE_FAMILY = 1;
				TEST_HOST = "$(BUILT_PRODUCTS_DIR)/iOS_Study.app/iOS_Study";
			};
			name = Debug;
		};
		436846EA263AE02100967143 /* Release */ = {
			isa = XCBuildConfiguration;
			baseConfigurationReference = 0816B7B2EC34CC32D6E5BAA6 /* Pods-iOS_StudyTests.release.xcconfig */;
			buildSettings = {
				ALWAYS_EMBED_SWIFT_STANDARD_LIBRARIES = YES;
				BUNDLE_LOADER = "$(TEST_HOST)";
				CODE_SIGN_STYLE = Automatic;
				INFOPLIST_FILE = iOS_StudyTests/Info.plist;
				IPHONEOS_DEPLOYMENT_TARGET = 13.0;
				LD_RUNPATH_SEARCH_PATHS = (
					"$(inherited)",
					"@executable_path/Frameworks",
					"@loader_path/Frameworks",
				);
				PRODUCT_BUNDLE_IDENTIFIER = "com.jongko.iOS-StudyTests";
				PRODUCT_NAME = "$(TARGET_NAME)";
				SWIFT_VERSION = 5.0;
				TARGETED_DEVICE_FAMILY = 1;
				TEST_HOST = "$(BUILT_PRODUCTS_DIR)/iOS_Study.app/iOS_Study";
			};
			name = Release;
		};
		436846EC263AE02100967143 /* Debug */ = {
			isa = XCBuildConfiguration;
			baseConfigurationReference = 6E63C67E0F5A19F52AE476D6 /* Pods-iOS_Study-iOS_StudyUITests.debug.xcconfig */;
			buildSettings = {
				ALWAYS_EMBED_SWIFT_STANDARD_LIBRARIES = YES;
				CODE_SIGN_STYLE = Automatic;
				INFOPLIST_FILE = iOS_StudyUITests/Info.plist;
				LD_RUNPATH_SEARCH_PATHS = (
					"$(inherited)",
					"@executable_path/Frameworks",
					"@loader_path/Frameworks",
				);
				PRODUCT_BUNDLE_IDENTIFIER = "com.jongko.iOS-StudyUITests";
				PRODUCT_NAME = "$(TARGET_NAME)";
				SWIFT_VERSION = 5.0;
				TARGETED_DEVICE_FAMILY = 1;
				TEST_TARGET_NAME = iOS_Study;
			};
			name = Debug;
		};
		436846ED263AE02100967143 /* Release */ = {
			isa = XCBuildConfiguration;
			baseConfigurationReference = 59EA035FB453A2237407392A /* Pods-iOS_Study-iOS_StudyUITests.release.xcconfig */;
			buildSettings = {
				ALWAYS_EMBED_SWIFT_STANDARD_LIBRARIES = YES;
				CODE_SIGN_STYLE = Automatic;
				INFOPLIST_FILE = iOS_StudyUITests/Info.plist;
				LD_RUNPATH_SEARCH_PATHS = (
					"$(inherited)",
					"@executable_path/Frameworks",
					"@loader_path/Frameworks",
				);
				PRODUCT_BUNDLE_IDENTIFIER = "com.jongko.iOS-StudyUITests";
				PRODUCT_NAME = "$(TARGET_NAME)";
				SWIFT_VERSION = 5.0;
				TARGETED_DEVICE_FAMILY = 1;
				TEST_TARGET_NAME = iOS_Study;
			};
			name = Release;
		};
/* End XCBuildConfiguration section */

/* Begin XCConfigurationList section */
		436846B3263AE01D00967143 /* Build configuration list for PBXProject "iOS_Study" */ = {
			isa = XCConfigurationList;
			buildConfigurations = (
				436846E3263AE02100967143 /* Debug */,
				436846E4263AE02100967143 /* Release */,
			);
			defaultConfigurationIsVisible = 0;
			defaultConfigurationName = Release;
		};
		436846E5263AE02100967143 /* Build configuration list for PBXNativeTarget "iOS_Study" */ = {
			isa = XCConfigurationList;
			buildConfigurations = (
				436846E6263AE02100967143 /* Debug */,
				436846E7263AE02100967143 /* Release */,
			);
			defaultConfigurationIsVisible = 0;
			defaultConfigurationName = Release;
		};
		436846E8263AE02100967143 /* Build configuration list for PBXNativeTarget "iOS_StudyTests" */ = {
			isa = XCConfigurationList;
			buildConfigurations = (
				436846E9263AE02100967143 /* Debug */,
				436846EA263AE02100967143 /* Release */,
			);
			defaultConfigurationIsVisible = 0;
			defaultConfigurationName = Release;
		};
		436846EB263AE02100967143 /* Build configuration list for PBXNativeTarget "iOS_StudyUITests" */ = {
			isa = XCConfigurationList;
			buildConfigurations = (
				436846EC263AE02100967143 /* Debug */,
				436846ED263AE02100967143 /* Release */,
			);
			defaultConfigurationIsVisible = 0;
			defaultConfigurationName = Release;
		};
/* End XCConfigurationList section */

/* Begin XCVersionGroup section */
		436846C4263AE01D00967143 /* iOS_Study.xcdatamodeld */ = {
			isa = XCVersionGroup;
			children = (
				436846C5263AE01D00967143 /* iOS_Study.xcdatamodel */,
			);
			currentVersion = 436846C5263AE01D00967143 /* iOS_Study.xcdatamodel */;
			path = iOS_Study.xcdatamodeld;
			sourceTree = "<group>";
			versionGroupType = wrapper.xcdatamodel;
		};
/* End XCVersionGroup section */
	};
	rootObject = 436846B0263AE01D00967143 /* Project object */;
}
